
Microsoft Visual Studio Solution File, Format Version 12.00
# Visual Studio Version 17
VisualStudioVersion = 17.14.37502.11 d17.14
MinimumVisualStudioVersion = 10.0.40219.1
Project("{FAE04EC0-301F-11D3-BF4B-00C04F79EFBC}") = "Taskify.Api", "Taskify.Api.csproj", "{49EAB2DE-6FD3-4325-9D27-588772045F0A}"
EndProject
Global
	GlobalSection(SolutionConfigurationPlatforms) = preSolution
		Debug|Any CPU = Debug|Any CPU
		Release|Any CPU = Release|Any CPU
	EndGlobalSection
	GlobalSection(ProjectConfigurationPlatforms) = postSolution
		{49EAB2DE-6FD3-4325-9D27-588772045F0A}.Debug|Any CPU.ActiveCfg = Debug|Any CPU
		{49EAB2DE-6FD3-4325-9D27-588772045F0A}.Debug|Any CPU.Build.0 = Debug|Any CPU
		{49EAB2DE-6FD3-4325-9D27-588772045F0A}.Release|Any CPU.ActiveCfg = Release|Any CPU
		{49EAB2DE-6FD3-4325-9D27-588772045F0A}.Release|Any CPU.Build.0 = Release|Any CPU
	EndGlobalSection
	GlobalSection(SolutionProperties) = preSolution
		HideSolutionNode = FALSE
	EndGlobalSection
	GlobalSection(ExtensibilityGlobals) = postSolution
		SolutionGuid = {E894053A-FB72-4F75-AE38-FFEB56150D39}
	EndGlobalSection
EndGlobal
